
Microsoft Visual Studio Solution File, Format Version 12.00
# Visual Studio Version 17
VisualStudioVersion = 17.9.34407.89
MinimumVisualStudioVersion = 10.0.40219.1
Project("{9A19103F-16F7-4668-BE54-9A1E7A4F7556}") = "spooWASDK", "spooWASDK\spooWASDK.csproj", "{37C02850-ADAB-440A-AD74-D6BE999A1A68}"
EndProject
Project("{C7167F0D-BC9F-4E6E-AFE1-012C56B48DB5}") = "spoo.me URL shortener", "spoo.me URL shortener\spoo.me URL shortener.wapproj", "{AC40DDD5-AB25-4254-B82D-FF7752B92E34}"
EndProject
Global
	GlobalSection(SolutionConfigurationPlatforms) = preSolution
		Debug|Any CPU = Debug|Any CPU
		Debug|ARM = Debug|ARM
		Debug|ARM64 = Debug|ARM64
		Debug|x64 = Debug|x64
		Debug|x86 = Debug|x86
		Release|Any CPU = Release|Any CPU
		Release|ARM = Release|ARM
		Release|ARM64 = Release|ARM64
		Release|x64 = Release|x64
		Release|x86 = Release|x86
	EndGlobalSection
	GlobalSection(ProjectConfigurationPlatforms) = postSolution
		{37C02850-ADAB-440A-AD74-D6BE999A1A68}.Debug|Any CPU.ActiveCfg = Debug|x64
		{37C02850-ADAB-440A-AD74-D6BE999A1A68}.Debug|Any CPU.Build.0 = Debug|x64
		{37C02850-ADAB-440A-AD74-D6BE999A1A68}.Debug|Any CPU.Deploy.0 = Debug|x64
		{37C02850-ADAB-440A-AD74-D6BE999A1A68}.Debug|ARM.ActiveCfg = Debug|Any CPU
		{37C02850-ADAB-440A-AD74-D6BE999A1A68}.Debug|ARM.Build.0 = Debug|Any CPU
		{37C02850-ADAB-440A-AD74-D6BE999A1A68}.Debug|ARM.Deploy.0 = Debug|Any CPU
		{37C02850-ADAB-440A-AD74-D6BE999A1A68}.Debug|ARM64.ActiveCfg = Debug|x64
		{37C02850-ADAB-440A-AD74-D6BE999A1A68}.Debug|x64.ActiveCfg = Debug|x64
		{37C02850-ADAB-440A-AD74-D6BE999A1A68}.Debug|x64.Build.0 = Debug|x64
		{37C02850-ADAB-440A-AD74-D6BE999A1A68}.Debug|x64.Deploy.0 = Debug|x64
		{37C02850-ADAB-440A-AD74-D6BE999A1A68}.Debug|x86.ActiveCfg = Debug|x86
		{37C02850-ADAB-440A-AD74-D6BE999A1A68}.Debug|x86.Build.0 = Debug|x86
		{37C02850-ADAB-440A-AD74-D6BE999A1A68}.Debug|x86.Deploy.0 = Debug|x86
		{37C02850-ADAB-440A-AD74-D6BE999A1A68}.Release|Any CPU.ActiveCfg = Release|x64
		{37C02850-ADAB-440A-AD74-D6BE999A1A68}.Release|Any CPU.Build.0 = Release|x64
		{37C02850-ADAB-440A-AD74-D6BE999A1A68}.Release|Any CPU.Deploy.0 = Release|x64
		{37C02850-ADAB-440A-AD74-D6BE999A1A68}.Release|ARM.ActiveCfg = Release|Any CPU
		{37C02850-ADAB-440A-AD74-D6BE999A1A68}.Release|ARM.Build.0 = Release|Any CPU
		{37C02850-ADAB-440A-AD74-D6BE999A1A68}.Release|ARM.Deploy.0 = Release|Any CPU
		{37C02850-ADAB-440A-AD74-D6BE999A1A68}.Release|ARM64.ActiveCfg = Release|x64
		{37C02850-ADAB-440A-AD74-D6BE999A1A68}.Release|x64.ActiveCfg = Release|x64
		{37C02850-ADAB-440A-AD74-D6BE999A1A68}.Release|x64.Build.0 = Release|x64
		{37C02850-ADAB-440A-AD74-D6BE999A1A68}.Release|x64.Deploy.0 = Release|x64
		{37C02850-ADAB-440A-AD74-D6BE999A1A68}.Release|x86.ActiveCfg = Release|x86
		{37C02850-ADAB-440A-AD74-D6BE999A1A68}.Release|x86.Build.0 = Release|x86
		{37C02850-ADAB-440A-AD74-D6BE999A1A68}.Release|x86.Deploy.0 = Release|x86
		{AC40DDD5-AB25-4254-B82D-FF7752B92E34}.Debug|Any CPU.ActiveCfg = Debug|Any CPU
		{AC40DDD5-AB25-4254-B82D-FF7752B92E34}.Debug|Any CPU.Build.0 = Debug|Any CPU
		{AC40DDD5-AB25-4254-B82D-FF7752B92E34}.Debug|Any CPU.Deploy.0 = Debug|Any CPU
		{AC40DDD5-AB25-4254-B82D-FF7752B92E34}.Debug|ARM.ActiveCfg = Debug|ARM
		{AC40DDD5-AB25-4254-B82D-FF7752B92E34}.Debug|ARM.Build.0 = Debug|ARM
		{AC40DDD5-AB25-4254-B82D-FF7752B92E34}.Debug|ARM.Deploy.0 = Debug|ARM
		{AC40DDD5-AB25-4254-B82D-FF7752B92E34}.Debug|ARM64.ActiveCfg = Debug|ARM64
		{AC40DDD5-AB25-4254-B82D-FF7752B92E34}.Debug|ARM64.Build.0 = Debug|ARM64
		{AC40DDD5-AB25-4254-B82D-FF7752B92E34}.Debug|ARM64.Deploy.0 = Debug|ARM64
		{AC40DDD5-AB25-4254-B82D-FF7752B92E34}.Debug|x64.ActiveCfg = Debug|x64
		{AC40DDD5-AB25-4254-B82D-FF7752B92E34}.Debug|x64.Build.0 = Debug|x64
		{AC40DDD5-AB25-4254-B82D-FF7752B92E34}.Debug|x64.Deploy.0 = Debug|x64
		{AC40DDD5-AB25-4254-B82D-FF7752B92E34}.Debug|x86.ActiveCfg = Debug|x86
		{AC40DDD5-AB25-4254-B82D-FF7752B92E34}.Debug|x86.Build.0 = Debug|x86
		{AC40DDD5-AB25-4254-B82D-FF7752B92E34}.Debug|x86.Deploy.0 = Debug|x86
		{AC40DDD5-AB25-4254-B82D-FF7752B92E34}.Release|Any CPU.ActiveCfg = Release|Any CPU
		{AC40DDD5-AB25-4254-B82D-FF7752B92E34}.Release|Any CPU.Build.0 = Release|Any CPU
		{AC40DDD5-AB25-4254-B82D-FF7752B92E34}.Release|Any CPU.Deploy.0 = Release|Any CPU
		{AC40DDD5-AB25-4254-B82D-FF7752B92E34}.Release|ARM.ActiveCfg = Release|ARM
		{AC40DDD5-AB25-4254-B82D-FF7752B92E34}.Release|ARM.Build.0 = Release|ARM
		{AC40DDD5-AB25-4254-B82D-FF7752B92E34}.Release|ARM.Deploy.0 = Release|ARM
		{AC40DDD5-AB25-4254-B82D-FF7752B92E34}.Release|ARM64.ActiveCfg = Release|ARM64
		{AC40DDD5-AB25-4254-B82D-FF7752B92E34}.Release|ARM64.Build.0 = Release|ARM64
		{AC40DDD5-AB25-4254-B82D-FF7752B92E34}.Release|ARM64.Deploy.0 = Release|ARM64
		{AC40DDD5-AB25-4254-B82D-FF7752B92E34}.Release|x64.ActiveCfg = Release|x64
		{AC40DDD5-AB25-4254-B82D-FF7752B92E34}.Release|x64.Build.0 = Release|x64
		{AC40DDD5-AB25-4254-B82D-FF7752B92E34}.Release|x64.Deploy.0 = Release|x64
		{AC40DDD5-AB25-4254-B82D-FF7752B92E34}.Release|x86.ActiveCfg = Release|x86
		{AC40DDD5-AB25-4254-B82D-FF7752B92E34}.Release|x86.Build.0 = Release|x86
		{AC40DDD5-AB25-4254-B82D-FF7752B92E34}.Release|x86.Deploy.0 = Release|x86
	EndGlobalSection
	GlobalSection(SolutionProperties) = preSolution
		HideSolutionNode = FALSE
	EndGlobalSection
	GlobalSection(ExtensibilityGlobals) = postSolution
		SolutionGuid = {B88D37C4-EC57-44B1-8473-46D587BE5EED}
	EndGlobalSection
EndGlobal
